// !$*UTF8*$!
{
	archiveVersion = 1;
	classes = {
	};
	objectVersion = 77;
	objects = {

/* Begin PBXBuildFile section */
		090A072F6C4DC12CF6DF2F99 /* AudioMetadataReader.swift in Sources */ = {isa = PBXBuildFile; fileRef = 01C02F7162E5AE1642C56215 /* AudioMetadataReader.swift */; };
		0EF3A19DABD6AF0DF50C4634 /* EchoVaultApp.swift in Sources */ = {isa = PBXBuildFile; fileRef = 1F4ECCF13DEB61B15B5E7D41 /* EchoVaultApp.swift */; };
		12324EE7E17F891C4101A27E /* AudioFileSupportTests.swift in Sources */ = {isa = PBXBuildFile; fileRef = CC58C8941F8B5FFCF0964285 /* AudioFileSupportTests.swift */; };
		136341F01641FECE7D1DB2B8 /* PlaylistDetailList.swift in Sources */ = {isa = PBXBuildFile; fileRef = 173E90B107FCCF091D7A7992 /* PlaylistDetailList.swift */; };
		159CF5984972CAAB467E4061 /* AppShellView.swift in Sources */ = {isa = PBXBuildFile; fileRef = 0E89AB7F62CA4DB20922B34B /* AppShellView.swift */; };
		1764FBD9923E4CA34BA1F299 /* QueueContextMenu.swift in Sources */ = {isa = PBXBuildFile; fileRef = 7583BD7D915F1790AF96795C /* QueueContextMenu.swift */; };
		1EDB984772D43D95EFF62D27 /* SettingsView.swift in Sources */ = {isa = PBXBuildFile; fileRef = E7C3F0BB7740F34E3FD74051 /* SettingsView.swift */; };
		200239CBCDFFDED69F2EF8C6 /* PlaylistsView.swift in Sources */ = {isa = PBXBuildFile; fileRef = C8299439E32BF25F711966E7 /* PlaylistsView.swift */; };
		22E91EAD798776D636DB8F9F /* PlaylistItemRow.swift in Sources */ = {isa = PBXBuildFile; fileRef = 718AF3C605061B89EE6BBFBC /* PlaylistItemRow.swift */; };
		250783238E7EF3244C74C970 /* DownloadCenter.swift in Sources */ = {isa = PBXBuildFile; fileRef = 63271EA5D3CC942C8FD2A61A /* DownloadCenter.swift */; };
		2AC772D891C2D28A9150B8B8 /* AudioPlayerTests.swift in Sources */ = {isa = PBXBuildFile; fileRef = 05BDF61BDA367D4276DBDD9D /* AudioPlayerTests.swift */; };
		2F9E6F1A2C0D883E01BE033B /* WebDAVConfigurationTests.swift in Sources */ = {isa = PBXBuildFile; fileRef = 8B97240E8999EC1411A93791 /* WebDAVConfigurationTests.swift */; };
		32D4A5CE68CE71B39A1C0138 /* PlaybackStateStore.swift in Sources */ = {isa = PBXBuildFile; fileRef = A89C7FD1086EC4041EE7D145 /* PlaybackStateStore.swift */; };
		42E94F1CE5A83CECA7A733E4 /* AudioMetadataReaderTests.swift in Sources */ = {isa = PBXBuildFile; fileRef = 11FC6B02A596A38B22029AFB /* AudioMetadataReaderTests.swift */; };
		432081E71D991D08C8E227FE /* AudioTrack.swift in Sources */ = {isa = PBXBuildFile; fileRef = 5B411EE4910CA102AC284261 /* AudioTrack.swift */; };
		475EDDCE4BF310E2CB11DECE /* LocalMusicStoreTests.swift in Sources */ = {isa = PBXBuildFile; fileRef = 150B1643D28E0C3169B5C091 /* LocalMusicStoreTests.swift */; };
		4F84DFA6D86F741DBEB90576 /* PlaybackStateTests.swift in Sources */ = {isa = PBXBuildFile; fileRef = 6CEDF6FE8117A4F96D437FE3 /* PlaybackStateTests.swift */; };
		52538C0325CB3A3C5FA943C8 /* UserFacingAlert.swift in Sources */ = {isa = PBXBuildFile; fileRef = DFDB2409F5FD0E814C259BE6 /* UserFacingAlert.swift */; };
		580DF0F3282B34E37539E115 /* WebDAVSettings.swift in Sources */ = {isa = PBXBuildFile; fileRef = 04474961749C8E9EC7CD1C29 /* WebDAVSettings.swift */; };
		5988C6D2C73706A3127DD4AC /* WebDAVXMLParserTests.swift in Sources */ = {isa = PBXBuildFile; fileRef = E72D90244B613ABF350BC57B /* WebDAVXMLParserTests.swift */; };
		5E95367B5C312564AE42D22C /* MusicAlbumTests.swift in Sources */ = {isa = PBXBuildFile; fileRef = C39F1950B5F07A8029923097 /* MusicAlbumTests.swift */; };
		5F73D307CCC4D6C3D2D9ED68 /* WebDAVItem.swift in Sources */ = {isa = PBXBuildFile; fileRef = 67456EF26F44EFB533D06F6A /* WebDAVItem.swift */; };
		61E557D69EBD0B3301D45051 /* WebDAVAuthenticationTests.swift in Sources */ = {isa = PBXBuildFile; fileRef = 2F5A317B7708835578DAB13E /* WebDAVAuthenticationTests.swift */; };
		69D56A202AC7284A6C28174D /* LocalMusicStore.swift in Sources */ = {isa = PBXBuildFile; fileRef = 33FFE0AA6A70B52638C19D48 /* LocalMusicStore.swift */; };
		6A2E6AF1ED1B69CEC9099F05 /* ArtworkImageLoader.swift in Sources */ = {isa = PBXBuildFile; fileRef = E8536DFCB00501822A8E4D15 /* ArtworkImageLoader.swift */; };
		71B1DC05949463767623B03E /* MusicLibrary.swift in Sources */ = {isa = PBXBuildFile; fileRef = 61F2485F7CE704E914E166C9 /* MusicLibrary.swift */; };
		74A4BF252F9CE2C8356C87A0 /* TrackArtworkView.swift in Sources */ = {isa = PBXBuildFile; fileRef = BE8638CBCCE41BBA7A0C4C8E /* TrackArtworkView.swift */; };
		75CCE0F48ACA6A21266C7434 /* Assets.xcassets in Resources */ = {isa = PBXBuildFile; fileRef = 46A88DECE6DD2E200449748F /* Assets.xcassets */; };
		7707693213DAF4AA87EDBA29 /* LibraryImportTests.swift in Sources */ = {isa = PBXBuildFile; fileRef = 5707EC2A7FBD2ECC1CE3BA7E /* LibraryImportTests.swift */; };
		7AACA422C9D9AE4A1715E45B /* tagged-tone.m4a in Resources */ = {isa = PBXBuildFile; fileRef = 1D97CE34FAC7B55130A80EF9 /* tagged-tone.m4a */; };
		8B051450C1CCF4AA4466ACCF /* PlaylistAddition.swift in Sources */ = {isa = PBXBuildFile; fileRef = A6A06C9BF1D951DADF6DF38A /* PlaylistAddition.swift */; };
		9B28BCB6459287A2ECFA05E3 /* KeychainStore.swift in Sources */ = {isa = PBXBuildFile; fileRef = 0AAD2C68D32F77877425B412 /* KeychainStore.swift */; };
		9F788CD62E244BFA3C53068F /* WebDAVXMLParser.swift in Sources */ = {isa = PBXBuildFile; fileRef = 184A924FB9A4DB05F8F1741B /* WebDAVXMLParser.swift */; };
		BE27E4894665261C130898E7 /* AppLogoView.swift in Sources */ = {isa = PBXBuildFile; fileRef = 83DA9B38C97B9A7D917741CC /* AppLogoView.swift */; };
		BFE3320B3AF4AE7906D48E8A /* WebDAVClient.swift in Sources */ = {isa = PBXBuildFile; fileRef = F5BEEBB90AC76F3ACE1B213C /* WebDAVClient.swift */; };
		D0C1118E3C681335C73542CA /* NowPlayingView.swift in Sources */ = {isa = PBXBuildFile; fileRef = 24BA76881BF469B67993279D /* NowPlayingView.swift */; };
		D5069BC73482A38F0141642A /* PlaylistContentPickerView.swift in Sources */ = {isa = PBXBuildFile; fileRef = 245093D84EE649199E1CD2AB /* PlaylistContentPickerView.swift */; };
		D6FAE5FC815E7E4191103D34 /* MiniPlayerView.swift in Sources */ = {isa = PBXBuildFile; fileRef = E5F46DC4D582A5552987C274 /* MiniPlayerView.swift */; };
		DD6342230901F1A2D894A78A /* AudioPlayer.swift in Sources */ = {isa = PBXBuildFile; fileRef = 15C4BF78F32B5EDC2B420F19 /* AudioPlayer.swift */; };
		E2A2A824280EA38DB8926DD0 /* MusicPlaylist.swift in Sources */ = {isa = PBXBuildFile; fileRef = 1562B6BFE04CA6739C51F9A9 /* MusicPlaylist.swift */; };
		E8F81AD904E4A6482E22A27D /* test-tone.m4a in Resources */ = {isa = PBXBuildFile; fileRef = 817BCC0645E6F320ADA3A5E6 /* test-tone.m4a */; };
		EFA778177BCFDF7A7467FDC8 /* WebDAVBrowserView.swift in Sources */ = {isa = PBXBuildFile; fileRef = 89AD8091AFBA451576AF4FF0 /* WebDAVBrowserView.swift */; };
		F51621ED41B8ECB0CC7C7EE5 /* LibraryNavigationUITests.swift in Sources */ = {isa = PBXBuildFile; fileRef = 65146772058C16EA22FF25B0 /* LibraryNavigationUITests.swift */; };
		F71B1FA6BF11E11A6072CE78 /* LibraryView.swift in Sources */ = {isa = PBXBuildFile; fileRef = 99423A9382ECE3CBD5F17F67 /* LibraryView.swift */; };
		F9E8E3188562B9AEB1DB6B86 /* WebDAVClientTests.swift in Sources */ = {isa = PBXBuildFile; fileRef = 6AB2E5BE467B3831CFCB2B2C /* WebDAVClientTests.swift */; };
		FAED0DC6E95C9CB94AD6577D /* PlaylistStoreTests.swift in Sources */ = {isa = PBXBuildFile; fileRef = 6B48AE58CC7D46E0772A46D9 /* PlaylistStoreTests.swift */; };
		FCCF8BF495F119B78D944933 /* PlaylistStore.swift in Sources */ = {isa = PBXBuildFile; fileRef = A2D545F91EC72860D3472F3B /* PlaylistStore.swift */; };
		FDCF6B3EE1B505CFE15FCDEE /* TrackRow.swift in Sources */ = {isa = PBXBuildFile; fileRef = 59A01B199AD18FA2F3BF54C4 /* TrackRow.swift */; };
/* End PBXBuildFile section */

/* Begin PBXContainerItemProxy section */
		14022E3B4D32EAA89715FC59 /* PBXContainerItemProxy */ = {
			isa = PBXContainerItemProxy;
			containerPortal = 4D43DF26C8F889ABBE14495B /* Project object */;
			proxyType = 1;
			remoteGlobalIDString = D2B3795D4BAEA55F7EE6BCDE;
			remoteInfo = EchoVault;
		};
		BE4D5106C7CC7258BAAF0106 /* PBXContainerItemProxy */ = {
			isa = PBXContainerItemProxy;
			containerPortal = 4D43DF26C8F889ABBE14495B /* Project object */;
			proxyType = 1;
			remoteGlobalIDString = D2B3795D4BAEA55F7EE6BCDE;
			remoteInfo = EchoVault;
		};
/* End PBXContainerItemProxy section */

/* Begin PBXFileReference section */
		01C02F7162E5AE1642C56215 /* AudioMetadataReader.swift */ = {isa = PBXFileReference; lastKnownFileType = sourcecode.swift; path = AudioMetadataReader.swift; sourceTree = "<group>"; };
		04474961749C8E9EC7CD1C29 /* WebDAVSettings.swift */ = {isa = PBXFileReference; lastKnownFileType = sourcecode.swift; path = WebDAVSettings.swift; sourceTree = "<group>"; };
		05BDF61BDA367D4276DBDD9D /* AudioPlayerTests.swift */ = {isa = PBXFileReference; lastKnownFileType = sourcecode.swift; path = AudioPlayerTests.swift; sourceTree = "<group>"; };
		0AAD2C68D32F77877425B412 /* KeychainStore.swift */ = {isa = PBXFileReference; lastKnownFileType = sourcecode.swift; path = KeychainStore.swift; sourceTree = "<group>"; };
		0E89AB7F62CA4DB20922B34B /* AppShellView.swift */ = {isa = PBXFileReference; lastKnownFileType = sourcecode.swift; path = AppShellView.swift; sourceTree = "<group>"; };
		11FC6B02A596A38B22029AFB /* AudioMetadataReaderTests.swift */ = {isa = PBXFileReference; lastKnownFileType = sourcecode.swift; path = AudioMetadataReaderTests.swift; sourceTree = "<group>"; };
		150B1643D28E0C3169B5C091 /* LocalMusicStoreTests.swift */ = {isa = PBXFileReference; lastKnownFileType = sourcecode.swift; path = LocalMusicStoreTests.swift; sourceTree = "<group>"; };
		1562B6BFE04CA6739C51F9A9 /* MusicPlaylist.swift */ = {isa = PBXFileReference; lastKnownFileType = sourcecode.swift; path = MusicPlaylist.swift; sourceTree = "<group>"; };
		15C4BF78F32B5EDC2B420F19 /* AudioPlayer.swift */ = {isa = PBXFileReference; lastKnownFileType = sourcecode.swift; path = AudioPlayer.swift; sourceTree = "<group>"; };
		173E90B107FCCF091D7A7992 /* PlaylistDetailList.swift */ = {isa = PBXFileReference; lastKnownFileType = sourcecode.swift; path = PlaylistDetailList.swift; sourceTree = "<group>"; };
		184A924FB9A4DB05F8F1741B /* WebDAVXMLParser.swift */ = {isa = PBXFileReference; lastKnownFileType = sourcecode.swift; path = WebDAVXMLParser.swift; sourceTree = "<group>"; };
		1A10273F23167C0444523D67 /* EchoVaultTests.xctest */ = {isa = PBXFileReference; includeInIndex = 0; lastKnownFileType = wrapper.cfbundle; path = EchoVaultTests.xctest; sourceTree = BUILT_PRODUCTS_DIR; };
		1D97CE34FAC7B55130A80EF9 /* tagged-tone.m4a */ = {isa = PBXFileReference; lastKnownFileType = file; path = "tagged-tone.m4a"; sourceTree = "<group>"; };
		1F4ECCF13DEB61B15B5E7D41 /* EchoVaultApp.swift */ = {isa = PBXFileReference; lastKnownFileType = sourcecode.swift; path = EchoVaultApp.swift; sourceTree = "<group>"; };
		245093D84EE649199E1CD2AB /* PlaylistContentPickerView.swift */ = {isa = PBXFileReference; lastKnownFileType = sourcecode.swift; path = PlaylistContentPickerView.swift; sourceTree = "<group>"; };
		24BA76881BF469B67993279D /* NowPlayingView.swift */ = {isa = PBXFileReference; lastKnownFileType = sourcecode.swift; path = NowPlayingView.swift; sourceTree = "<group>"; };
		24E8BB10062523C5BCCAD14F /* Info.plist */ = {isa = PBXFileReference; lastKnownFileType = text.plist; path = Info.plist; sourceTree = "<group>"; };
		2F5A317B7708835578DAB13E /* WebDAVAuthenticationTests.swift */ = {isa = PBXFileReference; lastKnownFileType = sourcecode.swift; path = WebDAVAuthenticationTests.swift; sourceTree = "<group>"; };
		33FFE0AA6A70B52638C19D48 /* LocalMusicStore.swift */ = {isa = PBXFileReference; lastKnownFileType = sourcecode.swift; path = LocalMusicStore.swift; sourceTree = "<group>"; };
		46A88DECE6DD2E200449748F /* Assets.xcassets */ = {isa = PBXFileReference; lastKnownFileType = folder.assetcatalog; path = Assets.xcassets; sourceTree = "<group>"; };
		5707EC2A7FBD2ECC1CE3BA7E /* LibraryImportTests.swift */ = {isa = PBXFileReference; lastKnownFileType = sourcecode.swift; path = LibraryImportTests.swift; sourceTree = "<group>"; };
		59A01B199AD18FA2F3BF54C4 /* TrackRow.swift */ = {isa = PBXFileReference; lastKnownFileType = sourcecode.swift; path = TrackRow.swift; sourceTree = "<group>"; };
		5B411EE4910CA102AC284261 /* AudioTrack.swift */ = {isa = PBXFileReference; lastKnownFileType = sourcecode.swift; path = AudioTrack.swift; sourceTree = "<group>"; };
		61F2485F7CE704E914E166C9 /* MusicLibrary.swift */ = {isa = PBXFileReference; lastKnownFileType = sourcecode.swift; path = MusicLibrary.swift; sourceTree = "<group>"; };
		63271EA5D3CC942C8FD2A61A /* DownloadCenter.swift */ = {isa = PBXFileReference; lastKnownFileType = sourcecode.swift; path = DownloadCenter.swift; sourceTree = "<group>"; };
		65146772058C16EA22FF25B0 /* LibraryNavigationUITests.swift */ = {isa = PBXFileReference; lastKnownFileType = sourcecode.swift; path = LibraryNavigationUITests.swift; sourceTree = "<group>"; };
		67456EF26F44EFB533D06F6A /* WebDAVItem.swift */ = {isa = PBXFileReference; lastKnownFileType = sourcecode.swift; path = WebDAVItem.swift; sourceTree = "<group>"; };
		6AB2E5BE467B3831CFCB2B2C /* WebDAVClientTests.swift */ = {isa = PBXFileReference; lastKnownFileType = sourcecode.swift; path = WebDAVClientTests.swift; sourceTree = "<group>"; };
		6B48AE58CC7D46E0772A46D9 /* PlaylistStoreTests.swift */ = {isa = PBXFileReference; lastKnownFileType = sourcecode.swift; path = PlaylistStoreTests.swift; sourceTree = "<group>"; };
		6CEDF6FE8117A4F96D437FE3 /* PlaybackStateTests.swift */ = {isa = PBXFileReference; lastKnownFileType = sourcecode.swift; path = PlaybackStateTests.swift; sourceTree = "<group>"; };
		718AF3C605061B89EE6BBFBC /* PlaylistItemRow.swift */ = {isa = PBXFileReference; lastKnownFileType = sourcecode.swift; path = PlaylistItemRow.swift; sourceTree = "<group>"; };
		7583BD7D915F1790AF96795C /* QueueContextMenu.swift */ = {isa = PBXFileReference; lastKnownFileType = sourcecode.swift; path = QueueContextMenu.swift; sourceTree = "<group>"; };
		817BCC0645E6F320ADA3A5E6 /* test-tone.m4a */ = {isa = PBXFileReference; lastKnownFileType = file; path = "test-tone.m4a"; sourceTree = "<group>"; };
		83DA9B38C97B9A7D917741CC /* AppLogoView.swift */ = {isa = PBXFileReference; lastKnownFileType = sourcecode.swift; path = AppLogoView.swift; sourceTree = "<group>"; };
		89AD8091AFBA451576AF4FF0 /* WebDAVBrowserView.swift */ = {isa = PBXFileReference; lastKnownFileType = sourcecode.swift; path = WebDAVBrowserView.swift; sourceTree = "<group>"; };
		8B97240E8999EC1411A93791 /* WebDAVConfigurationTests.swift */ = {isa = PBXFileReference; lastKnownFileType = sourcecode.swift; path = WebDAVConfigurationTests.swift; sourceTree = "<group>"; };
		9868DE9A0FFCBD6455082336 /* EchoVaultUITests.xctest */ = {isa = PBXFileReference; includeInIndex = 0; lastKnownFileType = wrapper.cfbundle; path = EchoVaultUITests.xctest; sourceTree = BUILT_PRODUCTS_DIR; };
		99423A9382ECE3CBD5F17F67 /* LibraryView.swift */ = {isa = PBXFileReference; lastKnownFileType = sourcecode.swift; path = LibraryView.swift; sourceTree = "<group>"; };
		A2D545F91EC72860D3472F3B /* PlaylistStore.swift */ = {isa = PBXFileReference; lastKnownFileType = sourcecode.swift; path = PlaylistStore.swift; sourceTree = "<group>"; };
		A6A06C9BF1D951DADF6DF38A /* PlaylistAddition.swift */ = {isa = PBXFileReference; lastKnownFileType = sourcecode.swift; path = PlaylistAddition.swift; sourceTree = "<group>"; };
		A89C7FD1086EC4041EE7D145 /* PlaybackStateStore.swift */ = {isa = PBXFileReference; lastKnownFileType = sourcecode.swift; path = PlaybackStateStore.swift; sourceTree = "<group>"; };
		B02BD5A5E504A763F6DB05F3 /* EchoVault.app */ = {isa = PBXFileReference; explicitFileType = wrapper.application; includeInIndex = 0; path = EchoVault.app; sourceTree = BUILT_PRODUCTS_DIR; };
		BE8638CBCCE41BBA7A0C4C8E /* TrackArtworkView.swift */ = {isa = PBXFileReference; lastKnownFileType = sourcecode.swift; path = TrackArtworkView.swift; sourceTree = "<group>"; };
		C39F1950B5F07A8029923097 /* MusicAlbumTests.swift */ = {isa = PBXFileReference; lastKnownFileType = sourcecode.swift; path = MusicAlbumTests.swift; sourceTree = "<group>"; };
		C8299439E32BF25F711966E7 /* PlaylistsView.swift */ = {isa = PBXFileReference; lastKnownFileType = sourcecode.swift; path = PlaylistsView.swift; sourceTree = "<group>"; };
		CC58C8941F8B5FFCF0964285 /* AudioFileSupportTests.swift */ = {isa = PBXFileReference; lastKnownFileType = sourcecode.swift; path = AudioFileSupportTests.swift; sourceTree = "<group>"; };
		DFDB2409F5FD0E814C259BE6 /* UserFacingAlert.swift */ = {isa = PBXFileReference; lastKnownFileType = sourcecode.swift; path = UserFacingAlert.swift; sourceTree = "<group>"; };
		E5F46DC4D582A5552987C274 /* MiniPlayerView.swift */ = {isa = PBXFileReference; lastKnownFileType = sourcecode.swift; path = MiniPlayerView.swift; sourceTree = "<group>"; };
		E72D90244B613ABF350BC57B /* WebDAVXMLParserTests.swift */ = {isa = PBXFileReference; lastKnownFileType = sourcecode.swift; path = WebDAVXMLParserTests.swift; sourceTree = "<group>"; };
		E7C3F0BB7740F34E3FD74051 /* SettingsView.swift */ = {isa = PBXFileReference; lastKnownFileType = sourcecode.swift; path = SettingsView.swift; sourceTree = "<group>"; };
		E8536DFCB00501822A8E4D15 /* ArtworkImageLoader.swift */ = {isa = PBXFileReference; lastKnownFileType = sourcecode.swift; path = ArtworkImageLoader.swift; sourceTree = "<group>"; };
		F5BEEBB90AC76F3ACE1B213C /* WebDAVClient.swift */ = {isa = PBXFileReference; lastKnownFileType = sourcecode.swift; path = WebDAVClient.swift; sourceTree = "<group>"; };
/* End PBXFileReference section */

/* Begin PBXGroup section */
		00CDAA5F8CB77E9CBAF87DD8 /* Fixtures */ = {
			isa = PBXGroup;
			children = (
				1D97CE34FAC7B55130A80EF9 /* tagged-tone.m4a */,
				817BCC0645E6F320ADA3A5E6 /* test-tone.m4a */,
			);
			path = Fixtures;
			sourceTree = "<group>";
		};
		04201D66547792D9D128F272 /* Shared */ = {
			isa = PBXGroup;
			children = (
				83DA9B38C97B9A7D917741CC /* AppLogoView.swift */,
				E5F46DC4D582A5552987C274 /* MiniPlayerView.swift */,
				7583BD7D915F1790AF96795C /* QueueContextMenu.swift */,
				BE8638CBCCE41BBA7A0C4C8E /* TrackArtworkView.swift */,
				59A01B199AD18FA2F3BF54C4 /* TrackRow.swift */,
				DFDB2409F5FD0E814C259BE6 /* UserFacingAlert.swift */,
			);
			path = Shared;
			sourceTree = "<group>";
		};
		046B4BF2DDB059E6ABF0E210 /* Products */ = {
			isa = PBXGroup;
			children = (
				B02BD5A5E504A763F6DB05F3 /* EchoVault.app */,
				1A10273F23167C0444523D67 /* EchoVaultTests.xctest */,
				9868DE9A0FFCBD6455082336 /* EchoVaultUITests.xctest */,
			);
			name = Products;
			sourceTree = "<group>";
		};
		1DCFA136802A1E8FAF9DB233 /* Resources */ = {
			isa = PBXGroup;
			children = (
				46A88DECE6DD2E200449748F /* Assets.xcassets */,
				24E8BB10062523C5BCCAD14F /* Info.plist */,
			);
			path = Resources;
			sourceTree = "<group>";
		};
		428BC32AF94698488FADF87E /* Player */ = {
			isa = PBXGroup;
			children = (
				24BA76881BF469B67993279D /* NowPlayingView.swift */,
			);
			path = Player;
			sourceTree = "<group>";
		};
		5D32C5365CAD31866DA425CA /* Models */ = {
			isa = PBXGroup;
			children = (
				5B411EE4910CA102AC284261 /* AudioTrack.swift */,
				1562B6BFE04CA6739C51F9A9 /* MusicPlaylist.swift */,
				67456EF26F44EFB533D06F6A /* WebDAVItem.swift */,
			);
			path = Models;
			sourceTree = "<group>";
		};
		686E496067E75160B237D771 /* EchoVault */ = {
			isa = PBXGroup;
			children = (
				EEB2AEB8166A10F278B62118 /* App */,
				5D32C5365CAD31866DA425CA /* Models */,
				1DCFA136802A1E8FAF9DB233 /* Resources */,
				91E91D96F1C2FDFCAA7C35A9 /* Services */,
				78442F905A40BA0FF9278F68 /* Views */,
			);
			path = EchoVault;
			sourceTree = "<group>";
		};
		78442F905A40BA0FF9278F68 /* Views */ = {
			isa = PBXGroup;
			children = (
				BAD878E5C140DBE258B80CD6 /* Library */,
				428BC32AF94698488FADF87E /* Player */,
				D660F4129DD53DF70F358D2B /* Playlists */,
				B0E7EE756C5DE4A3E83E1440 /* Settings */,
				04201D66547792D9D128F272 /* Shared */,
				C7D284E0E8A0FBBF4E51DE8B /* WebDAV */,
			);
			path = Views;
			sourceTree = "<group>";
		};
		82647E96E2C92FC5E91037F1 /* EchoVaultUITests */ = {
			isa = PBXGroup;
			children = (
				65146772058C16EA22FF25B0 /* LibraryNavigationUITests.swift */,
			);
			path = EchoVaultUITests;
			sourceTree = "<group>";
		};
		91E91D96F1C2FDFCAA7C35A9 /* Services */ = {
			isa = PBXGroup;
			children = (
				E8536DFCB00501822A8E4D15 /* ArtworkImageLoader.swift */,
				01C02F7162E5AE1642C56215 /* AudioMetadataReader.swift */,
				15C4BF78F32B5EDC2B420F19 /* AudioPlayer.swift */,
				63271EA5D3CC942C8FD2A61A /* DownloadCenter.swift */,
				0AAD2C68D32F77877425B412 /* KeychainStore.swift */,
				33FFE0AA6A70B52638C19D48 /* LocalMusicStore.swift */,
				61F2485F7CE704E914E166C9 /* MusicLibrary.swift */,
				A89C7FD1086EC4041EE7D145 /* PlaybackStateStore.swift */,
				A2D545F91EC72860D3472F3B /* PlaylistStore.swift */,
				F5BEEBB90AC76F3ACE1B213C /* WebDAVClient.swift */,
				04474961749C8E9EC7CD1C29 /* WebDAVSettings.swift */,
				184A924FB9A4DB05F8F1741B /* WebDAVXMLParser.swift */,
			);
			path = Services;
			sourceTree = "<group>";
		};
		9381EF889F97D9CE4D7291FB = {
			isa = PBXGroup;
			children = (
				686E496067E75160B237D771 /* EchoVault */,
				F74AF327D10A943350F8AA65 /* EchoVaultTests */,
				82647E96E2C92FC5E91037F1 /* EchoVaultUITests */,
				046B4BF2DDB059E6ABF0E210 /* Products */,
			);
			sourceTree = "<group>";
		};
		B0E7EE756C5DE4A3E83E1440 /* Settings */ = {
			isa = PBXGroup;
			children = (
				E7C3F0BB7740F34E3FD74051 /* SettingsView.swift */,
			);
			path = Settings;
			sourceTree = "<group>";
		};
		BAD878E5C140DBE258B80CD6 /* Library */ = {
			isa = PBXGroup;
			children = (
				99423A9382ECE3CBD5F17F67 /* LibraryView.swift */,
			);
			path = Library;
			sourceTree = "<group>";
		};
		C7D284E0E8A0FBBF4E51DE8B /* WebDAV */ = {
			isa = PBXGroup;
			children = (
				89AD8091AFBA451576AF4FF0 /* WebDAVBrowserView.swift */,
			);
			path = WebDAV;
			sourceTree = "<group>";
		};
		D660F4129DD53DF70F358D2B /* Playlists */ = {
			isa = PBXGroup;
			children = (
				A6A06C9BF1D951DADF6DF38A /* PlaylistAddition.swift */,
				245093D84EE649199E1CD2AB /* PlaylistContentPickerView.swift */,
				173E90B107FCCF091D7A7992 /* PlaylistDetailList.swift */,
				718AF3C605061B89EE6BBFBC /* PlaylistItemRow.swift */,
				C8299439E32BF25F711966E7 /* PlaylistsView.swift */,
			);
			path = Playlists;
			sourceTree = "<group>";
		};
		EEB2AEB8166A10F278B62118 /* App */ = {
			isa = PBXGroup;
			children = (
				0E89AB7F62CA4DB20922B34B /* AppShellView.swift */,
				1F4ECCF13DEB61B15B5E7D41 /* EchoVaultApp.swift */,
			);
			path = App;
			sourceTree = "<group>";
		};
		F74AF327D10A943350F8AA65 /* EchoVaultTests */ = {
			isa = PBXGroup;
			children = (
				CC58C8941F8B5FFCF0964285 /* AudioFileSupportTests.swift */,
				11FC6B02A596A38B22029AFB /* AudioMetadataReaderTests.swift */,
				05BDF61BDA367D4276DBDD9D /* AudioPlayerTests.swift */,
				5707EC2A7FBD2ECC1CE3BA7E /* LibraryImportTests.swift */,
				150B1643D28E0C3169B5C091 /* LocalMusicStoreTests.swift */,
				C39F1950B5F07A8029923097 /* MusicAlbumTests.swift */,
				6CEDF6FE8117A4F96D437FE3 /* PlaybackStateTests.swift */,
				6B48AE58CC7D46E0772A46D9 /* PlaylistStoreTests.swift */,
				2F5A317B7708835578DAB13E /* WebDAVAuthenticationTests.swift */,
				6AB2E5BE467B3831CFCB2B2C /* WebDAVClientTests.swift */,
				8B97240E8999EC1411A93791 /* WebDAVConfigurationTests.swift */,
				E72D90244B613ABF350BC57B /* WebDAVXMLParserTests.swift */,
				00CDAA5F8CB77E9CBAF87DD8 /* Fixtures */,
			);
			path = EchoVaultTests;
			sourceTree = "<group>";
		};
/* End PBXGroup section */

/* Begin PBXNativeTarget section */
		BFF22EC6BE053EE624D4027D /* EchoVaultUITests */ = {
			isa = PBXNativeTarget;
			buildConfigurationList = C397351898B6AA1BBDE4612F /* Build configuration list for PBXNativeTarget "EchoVaultUITests" */;
			buildPhases = (
				169C8488C63A6B14E0402F1C /* Sources */,
			);
			buildRules = (
			);
			dependencies = (
				A27907F2C623542CD0AF3EE1 /* PBXTargetDependency */,
			);
			name = EchoVaultUITests;
			packageProductDependencies = (
			);
			productName = EchoVaultUITests;
			productReference = 9868DE9A0FFCBD6455082336 /* EchoVaultUITests.xctest */;
			productType = "com.apple.product-type.bundle.ui-testing";
		};
		D2B3795D4BAEA55F7EE6BCDE /* EchoVault */ = {
			isa = PBXNativeTarget;
			buildConfigurationList = D2F5973C5BF38F81B8249687 /* Build configuration list for PBXNativeTarget "EchoVault" */;
			buildPhases = (
				02227DCE5BD143F38EC1D740 /* Sources */,
				4DC02CCA53EB895EE5CD2286 /* Resources */,
			);
			buildRules = (
			);
			dependencies = (
			);
			name = EchoVault;
			packageProductDependencies = (
			);
			productName = EchoVault;
			productReference = B02BD5A5E504A763F6DB05F3 /* EchoVault.app */;
			productType = "com.apple.product-type.application";
		};
		E154C1803D805F9AF698A109 /* EchoVaultTests */ = {
			isa = PBXNativeTarget;
			buildConfigurationList = E9B3DC764015AC1F637A281F /* Build configuration list for PBXNativeTarget "EchoVaultTests" */;
			buildPhases = (
				2202AB67F6BBA85B1CD219A4 /* Sources */,
				C51FFE1C7355747D491F84E3 /* Resources */,
			);
			buildRules = (
			);
			dependencies = (
				DC512A4C2B5100AC227FB6E7 /* PBXTargetDependency */,
			);
			name = EchoVaultTests;
			packageProductDependencies = (
			);
			productName = EchoVaultTests;
			productReference = 1A10273F23167C0444523D67 /* EchoVaultTests.xctest */;
			productType = "com.apple.product-type.bundle.unit-test";
		};
/* End PBXNativeTarget section */

/* Begin PBXProject section */
		4D43DF26C8F889ABBE14495B /* Project object */ = {
			isa = PBXProject;
			attributes = {
				BuildIndependentTargetsInParallel = YES;
				LastUpgradeCheck = 1430;
				TargetAttributes = {
					BFF22EC6BE053EE624D4027D = {
						TestTargetID = D2B3795D4BAEA55F7EE6BCDE;
					};
					D2B3795D4BAEA55F7EE6BCDE = {
						ProvisioningStyle = Automatic;
					};
				};
			};
			buildConfigurationList = 866FCEF7C5124188817544AA /* Build configuration list for PBXProject "EchoVault" */;
			developmentRegion = en;
			hasScannedForEncodings = 0;
			knownRegions = (
				Base,
				en,
			);
			mainGroup = 9381EF889F97D9CE4D7291FB;
			minimizedProjectReferenceProxies = 1;
			preferredProjectObjectVersion = 77;
			productRefGroup = 046B4BF2DDB059E6ABF0E210 /* Products */;
			projectDirPath = "";
			projectRoot = "";
			targets = (
				D2B3795D4BAEA55F7EE6BCDE /* EchoVault */,
				E154C1803D805F9AF698A109 /* EchoVaultTests */,
				BFF22EC6BE053EE624D4027D /* EchoVaultUITests */,
			);
		};
/* End PBXProject section */

/* Begin PBXResourcesBuildPhase section */
		4DC02CCA53EB895EE5CD2286 /* Resources */ = {
			isa = PBXResourcesBuildPhase;
			buildActionMask = 2147483647;
			files = (
				75CCE0F48ACA6A21266C7434 /* Assets.xcassets in Resources */,
			);
			runOnlyForDeploymentPostprocessing = 0;
		};
		C51FFE1C7355747D491F84E3 /* Resources */ = {
			isa = PBXResourcesBuildPhase;
			buildActionMask = 2147483647;
			files = (
				7AACA422C9D9AE4A1715E45B /* tagged-tone.m4a in Resources */,
				E8F81AD904E4A6482E22A27D /* test-tone.m4a in Resources */,
			);
			runOnlyForDeploymentPostprocessing = 0;
		};
/* End PBXResourcesBuildPhase section */

/* Begin PBXSourcesBuildPhase section */
		02227DCE5BD143F38EC1D740 /* Sources */ = {
			isa = PBXSourcesBuildPhase;
			buildActionMask = 2147483647;
			files = (
				BE27E4894665261C130898E7 /* AppLogoView.swift in Sources */,
				159CF5984972CAAB467E4061 /* AppShellView.swift in Sources */,
				6A2E6AF1ED1B69CEC9099F05 /* ArtworkImageLoader.swift in Sources */,
				090A072F6C4DC12CF6DF2F99 /* AudioMetadataReader.swift in Sources */,
				DD6342230901F1A2D894A78A /* AudioPlayer.swift in Sources */,
				432081E71D991D08C8E227FE /* AudioTrack.swift in Sources */,
				250783238E7EF3244C74C970 /* DownloadCenter.swift in Sources */,
				0EF3A19DABD6AF0DF50C4634 /* EchoVaultApp.swift in Sources */,
				9B28BCB6459287A2ECFA05E3 /* KeychainStore.swift in Sources */,
				F71B1FA6BF11E11A6072CE78 /* LibraryView.swift in Sources */,
				69D56A202AC7284A6C28174D /* LocalMusicStore.swift in Sources */,
				D6FAE5FC815E7E4191103D34 /* MiniPlayerView.swift in Sources */,
				71B1DC05949463767623B03E /* MusicLibrary.swift in Sources */,
				E2A2A824280EA38DB8926DD0 /* MusicPlaylist.swift in Sources */,
				D0C1118E3C681335C73542CA /* NowPlayingView.swift in Sources */,
				32D4A5CE68CE71B39A1C0138 /* PlaybackStateStore.swift in Sources */,
				8B051450C1CCF4AA4466ACCF /* PlaylistAddition.swift in Sources */,
				D5069BC73482A38F0141642A /* PlaylistContentPickerView.swift in Sources */,
				136341F01641FECE7D1DB2B8 /* PlaylistDetailList.swift in Sources */,
				22E91EAD798776D636DB8F9F /* PlaylistItemRow.swift in Sources */,
				FCCF8BF495F119B78D944933 /* PlaylistStore.swift in Sources */,
				200239CBCDFFDED69F2EF8C6 /* PlaylistsView.swift in Sources */,
				1764FBD9923E4CA34BA1F299 /* QueueContextMenu.swift in Sources */,
				1EDB984772D43D95EFF62D27 /* SettingsView.swift in Sources */,
				74A4BF252F9CE2C8356C87A0 /* TrackArtworkView.swift in Sources */,
				FDCF6B3EE1B505CFE15FCDEE /* TrackRow.swift in Sources */,
				52538C0325CB3A3C5FA943C8 /* UserFacingAlert.swift in Sources */,
				EFA778177BCFDF7A7467FDC8 /* WebDAVBrowserView.swift in Sources */,
				BFE3320B3AF4AE7906D48E8A /* WebDAVClient.swift in Sources */,
				5F73D307CCC4D6C3D2D9ED68 /* WebDAVItem.swift in Sources */,
				580DF0F3282B34E37539E115 /* WebDAVSettings.swift in Sources */,
				9F788CD62E244BFA3C53068F /* WebDAVXMLParser.swift in Sources */,
			);
			runOnlyForDeploymentPostprocessing = 0;
		};
		169C8488C63A6B14E0402F1C /* Sources */ = {
			isa = PBXSourcesBuildPhase;
			buildActionMask = 2147483647;
			files = (
				F51621ED41B8ECB0CC7C7EE5 /* LibraryNavigationUITests.swift in Sources */,
			);
			runOnlyForDeploymentPostprocessing = 0;
		};
		2202AB67F6BBA85B1CD219A4 /* Sources */ = {
			isa = PBXSourcesBuildPhase;
			buildActionMask = 2147483647;
			files = (
				12324EE7E17F891C4101A27E /* AudioFileSupportTests.swift in Sources */,
				42E94F1CE5A83CECA7A733E4 /* AudioMetadataReaderTests.swift in Sources */,
				2AC772D891C2D28A9150B8B8 /* AudioPlayerTests.swift in Sources */,
				7707693213DAF4AA87EDBA29 /* LibraryImportTests.swift in Sources */,
				475EDDCE4BF310E2CB11DECE /* LocalMusicStoreTests.swift in Sources */,
				5E95367B5C312564AE42D22C /* MusicAlbumTests.swift in Sources */,
				4F84DFA6D86F741DBEB90576 /* PlaybackStateTests.swift in Sources */,
				FAED0DC6E95C9CB94AD6577D /* PlaylistStoreTests.swift in Sources */,
				61E557D69EBD0B3301D45051 /* WebDAVAuthenticationTests.swift in Sources */,
				F9E8E3188562B9AEB1DB6B86 /* WebDAVClientTests.swift in Sources */,
				2F9E6F1A2C0D883E01BE033B /* WebDAVConfigurationTests.swift in Sources */,
				5988C6D2C73706A3127DD4AC /* WebDAVXMLParserTests.swift in Sources */,
			);
			runOnlyForDeploymentPostprocessing = 0;
		};
/* End PBXSourcesBuildPhase section */

/* Begin PBXTargetDependency section */
		A27907F2C623542CD0AF3EE1 /* PBXTargetDependency */ = {
			isa = PBXTargetDependency;
			target = D2B3795D4BAEA55F7EE6BCDE /* EchoVault */;
			targetProxy = BE4D5106C7CC7258BAAF0106 /* PBXContainerItemProxy */;
		};
		DC512A4C2B5100AC227FB6E7 /* PBXTargetDependency */ = {
			isa = PBXTargetDependency;
			target = D2B3795D4BAEA55F7EE6BCDE /* EchoVault */;
			targetProxy = 14022E3B4D32EAA89715FC59 /* PBXContainerItemProxy */;
		};
/* End PBXTargetDependency section */

/* Begin XCBuildConfiguration section */
		04BF6C083363B3FDBC48A60F /* Debug */ = {
			isa = XCBuildConfiguration;
			buildSettings = {
				ALWAYS_SEARCH_USER_PATHS = NO;
				CLANG_ANALYZER_LOCALIZABILITY_NONLOCALIZED = YES;
				CLANG_ANALYZER_NONNULL = YES;
				CLANG_ANALYZER_NUMBER_OBJECT_CONVERSION = YES_AGGRESSIVE;
				CLANG_CXX_LANGUAGE_STANDARD = "gnu++14";
				CLANG_CXX_LIBRARY = "libc++";
				CLANG_ENABLE_MODULES = YES;
				CLANG_ENABLE_OBJC_ARC = YES;
				CLANG_ENABLE_OBJC_WEAK = YES;
				CLANG_WARN_BLOCK_CAPTURE_AUTORELEASING = YES;
				CLANG_WARN_BOOL_CONVERSION = YES;
				CLANG_WARN_COMMA = YES;
				CLANG_WARN_CONSTANT_CONVERSION = YES;
				CLANG_WARN_DEPRECATED_OBJC_IMPLEMENTATIONS = YES;
				CLANG_WARN_DIRECT_OBJC_ISA_USAGE = YES_ERROR;
				CLANG_WARN_DOCUMENTATION_COMMENTS = YES;
				CLANG_WARN_EMPTY_BODY = YES;
				CLANG_WARN_ENUM_CONVERSION = YES;
				CLANG_WARN_INFINITE_RECURSION = YES;
				CLANG_WARN_INT_CONVERSION = YES;
				CLANG_WARN_NON_LITERAL_NULL_CONVERSION = YES;
				CLANG_WARN_OBJC_IMPLICIT_RETAIN_SELF = YES;
				CLANG_WARN_OBJC_LITERAL_CONVERSION = YES;
				CLANG_WARN_OBJC_ROOT_CLASS = YES_ERROR;
				CLANG_WARN_QUOTED_INCLUDE_IN_FRAMEWORK_HEADER = YES;
				CLANG_WARN_RANGE_LOOP_ANALYSIS = YES;
				CLANG_WARN_STRICT_PROTOTYPES = YES;
				CLANG_WARN_SUSPICIOUS_MOVE = YES;
				CLANG_WARN_UNGUARDED_AVAILABILITY = YES_AGGRESSIVE;
				CLANG_WARN_UNREACHABLE_CODE = YES;
				CLANG_WARN__DUPLICATE_METHOD_MATCH = YES;
				COPY_PHASE_STRIP = NO;
				DEBUG_INFORMATION_FORMAT = dwarf;
				ENABLE_STRICT_OBJC_MSGSEND = YES;
				ENABLE_TESTABILITY = YES;
				GCC_C_LANGUAGE_STANDARD = gnu11;
				GCC_DYNAMIC_NO_PIC = NO;
				GCC_NO_COMMON_BLOCKS = YES;
				GCC_OPTIMIZATION_LEVEL = 0;
				GCC_PREPROCESSOR_DEFINITIONS = (
					"$(inherited)",
					"DEBUG=1",
				);
				GCC_TREAT_WARNINGS_AS_ERRORS = YES;
				GCC_WARN_64_TO_32_BIT_CONVERSION = YES;
				GCC_WARN_ABOUT_RETURN_TYPE = YES_ERROR;
				GCC_WARN_UNDECLARED_SELECTOR = YES;
				GCC_WARN_UNINITIALIZED_AUTOS = YES_AGGRESSIVE;
				GCC_WARN_UNUSED_FUNCTION = YES;
				GCC_WARN_UNUSED_VARIABLE = YES;
				IPHONEOS_DEPLOYMENT_TARGET = 17.0;
				MTL_ENABLE_DEBUG_INFO = INCLUDE_SOURCE;
				MTL_FAST_MATH = YES;
				ONLY_ACTIVE_ARCH = YES;
				PRODUCT_NAME = "$(TARGET_NAME)";
				SDKROOT = iphoneos;
				SWIFT_ACTIVE_COMPILATION_CONDITIONS = DEBUG;
				SWIFT_OPTIMIZATION_LEVEL = "-Onone";
				SWIFT_STRICT_CONCURRENCY = complete;
				SWIFT_TREAT_WARNINGS_AS_ERRORS = YES;
				SWIFT_VERSION = 6.0;
			};
			name = Debug;
		};
		14EE67675CB3FAF35B8D35C6 /* Debug */ = {
			isa = XCBuildConfiguration;
			buildSettings = {
				ASSETCATALOG_COMPILER_APPICON_NAME = AppIcon;
				ASSETCATALOG_COMPILER_GLOBAL_ACCENT_COLOR_NAME = AccentColor;
				CODE_SIGN_IDENTITY = "iPhone Developer";
				CODE_SIGN_STYLE = Automatic;
				CURRENT_PROJECT_VERSION = 9;
				DEVELOPMENT_TEAM = TYD943UHY7;
				GENERATE_INFOPLIST_FILE = NO;
				INFOPLIST_FILE = EchoVault/Resources/Info.plist;
				LD_RUNPATH_SEARCH_PATHS = (
					"$(inherited)",
					"@executable_path/Frameworks",
				);
				MARKETING_VERSION = 1.3.0;
				PRODUCT_BUNDLE_IDENTIFIER = com.example.EchoVault;
				PRODUCT_NAME = EchoVault;
				SDKROOT = iphoneos;
				TARGETED_DEVICE_FAMILY = "1,2";
			};
			name = Debug;
		};
		2129A1B704D245F411BD66E9 /* Release */ = {
			isa = XCBuildConfiguration;
			buildSettings = {
				BUNDLE_LOADER = "$(TEST_HOST)";
				GENERATE_INFOPLIST_FILE = YES;
				LD_RUNPATH_SEARCH_PATHS = (
					"$(inherited)",
					"@executable_path/Frameworks",
					"@loader_path/Frameworks",
				);
				PRODUCT_BUNDLE_IDENTIFIER = com.example.EchoVaultTests;
				SDKROOT = iphoneos;
				TARGETED_DEVICE_FAMILY = "1,2";
				TEST_HOST = "$(BUILT_PRODUCTS_DIR)/EchoVault.app/EchoVault";
			};
			name = Release;
		};
		55B2480BACD8FF3357DC8E8B /* Release */ = {
			isa = XCBuildConfiguration;
			buildSettings = {
				ALWAYS_SEARCH_USER_PATHS = NO;
				CLANG_ANALYZER_LOCALIZABILITY_NONLOCALIZED = YES;
				CLANG_ANALYZER_NONNULL = YES;
				CLANG_ANALYZER_NUMBER_OBJECT_CONVERSION = YES_AGGRESSIVE;
				CLANG_CXX_LANGUAGE_STANDARD = "gnu++14";
				CLANG_CXX_LIBRARY = "libc++";
				CLANG_ENABLE_MODULES = YES;
				CLANG_ENABLE_OBJC_ARC = YES;
				CLANG_ENABLE_OBJC_WEAK = YES;
				CLANG_WARN_BLOCK_CAPTURE_AUTORELEASING = YES;
				CLANG_WARN_BOOL_CONVERSION = YES;
				CLANG_WARN_COMMA = YES;
				CLANG_WARN_CONSTANT_CONVERSION = YES;
				CLANG_WARN_DEPRECATED_OBJC_IMPLEMENTATIONS = YES;
				CLANG_WARN_DIRECT_OBJC_ISA_USAGE = YES_ERROR;
				CLANG_WARN_DOCUMENTATION_COMMENTS = YES;
				CLANG_WARN_EMPTY_BODY = YES;
				CLANG_WARN_ENUM_CONVERSION = YES;
				CLANG_WARN_INFINITE_RECURSION = YES;
				CLANG_WARN_INT_CONVERSION = YES;
				CLANG_WARN_NON_LITERAL_NULL_CONVERSION = YES;
				CLANG_WARN_OBJC_IMPLICIT_RETAIN_SELF = YES;
				CLANG_WARN_OBJC_LITERAL_CONVERSION = YES;
				CLANG_WARN_OBJC_ROOT_CLASS = YES_ERROR;
				CLANG_WARN_QUOTED_INCLUDE_IN_FRAMEWORK_HEADER = YES;
				CLANG_WARN_RANGE_LOOP_ANALYSIS = YES;
				CLANG_WARN_STRICT_PROTOTYPES = YES;
				CLANG_WARN_SUSPICIOUS_MOVE = YES;
				CLANG_WARN_UNGUARDED_AVAILABILITY = YES_AGGRESSIVE;
				CLANG_WARN_UNREACHABLE_CODE = YES;
				CLANG_WARN__DUPLICATE_METHOD_MATCH = YES;
				COPY_PHASE_STRIP = NO;
				DEBUG_INFORMATION_FORMAT = "dwarf-with-dsym";
				ENABLE_NS_ASSERTIONS = NO;
				ENABLE_STRICT_OBJC_MSGSEND = YES;
				GCC_C_LANGUAGE_STANDARD = gnu11;
				GCC_NO_COMMON_BLOCKS = YES;
				GCC_TREAT_WARNINGS_AS_ERRORS = YES;
				GCC_WARN_64_TO_32_BIT_CONVERSION = YES;
				GCC_WARN_ABOUT_RETURN_TYPE = YES_ERROR;
				GCC_WARN_UNDECLARED_SELECTOR = YES;
				GCC_WARN_UNINITIALIZED_AUTOS = YES_AGGRESSIVE;
				GCC_WARN_UNUSED_FUNCTION = YES;
				GCC_WARN_UNUSED_VARIABLE = YES;
				IPHONEOS_DEPLOYMENT_TARGET = 17.0;
				MTL_ENABLE_DEBUG_INFO = NO;
				MTL_FAST_MATH = YES;
				PRODUCT_NAME = "$(TARGET_NAME)";
				SDKROOT = iphoneos;
				SWIFT_COMPILATION_MODE = wholemodule;
				SWIFT_OPTIMIZATION_LEVEL = "-O";
				SWIFT_STRICT_CONCURRENCY = complete;
				SWIFT_TREAT_WARNINGS_AS_ERRORS = YES;
				SWIFT_VERSION = 6.0;
			};
			name = Release;
		};
		6ABC3F960628C702FAA9AD79 /* Release */ = {
			isa = XCBuildConfiguration;
			buildSettings = {
				BUNDLE_LOADER = "$(TEST_HOST)";
				GENERATE_INFOPLIST_FILE = YES;
				LD_RUNPATH_SEARCH_PATHS = (
					"$(inherited)",
					"@executable_path/Frameworks",
					"@loader_path/Frameworks",
				);
				PRODUCT_BUNDLE_IDENTIFIER = com.example.EchoVaultUITests;
				SDKROOT = iphoneos;
				TARGETED_DEVICE_FAMILY = "1,2";
				TEST_TARGET_NAME = EchoVault;
			};
			name = Release;
		};
		7C5DE9878D990A1DF7876C71 /* Release */ = {
			isa = XCBuildConfiguration;
			buildSettings = {
				ASSETCATALOG_COMPILER_APPICON_NAME = AppIcon;
				ASSETCATALOG_COMPILER_GLOBAL_ACCENT_COLOR_NAME = AccentColor;
				CODE_SIGN_IDENTITY = "iPhone Developer";
				CODE_SIGN_STYLE = Automatic;
				COPY_PHASE_STRIP = YES;
				CURRENT_PROJECT_VERSION = 9;
				DEAD_CODE_STRIPPING = YES;
				DEBUG_INFORMATION_FORMAT = "dwarf-with-dsym";
				DEVELOPMENT_TEAM = TYD943UHY7;
				ENABLE_NS_ASSERTIONS = NO;
				ENABLE_TESTABILITY = NO;
				GENERATE_INFOPLIST_FILE = NO;
				INFOPLIST_FILE = EchoVault/Resources/Info.plist;
				LD_RUNPATH_SEARCH_PATHS = (
					"$(inherited)",
					"@executable_path/Frameworks",
				);
				MARKETING_VERSION = 1.3.0;
				PRODUCT_BUNDLE_IDENTIFIER = com.example.EchoVault;
				PRODUCT_NAME = EchoVault;
				SDKROOT = iphoneos;
				STRIP_INSTALLED_PRODUCT = YES;
				SWIFT_COMPILATION_MODE = wholemodule;
				SWIFT_OPTIMIZATION_LEVEL = "-O";
				TARGETED_DEVICE_FAMILY = "1,2";
				VALIDATE_PRODUCT = YES;
			};
			name = Release;
		};
		B1ECFD8C36553E3718558A86 /* Debug */ = {
			isa = XCBuildConfiguration;
			buildSettings = {
				BUNDLE_LOADER = "$(TEST_HOST)";
				GENERATE_INFOPLIST_FILE = YES;
				LD_RUNPATH_SEARCH_PATHS = (
					"$(inherited)",
					"@executable_path/Frameworks",
					"@loader_path/Frameworks",
				);
				PRODUCT_BUNDLE_IDENTIFIER = com.example.EchoVaultUITests;
				SDKROOT = iphoneos;
				TARGETED_DEVICE_FAMILY = "1,2";
				TEST_TARGET_NAME = EchoVault;
			};
			name = Debug;
		};
		DD993AABC4539F78F8BBF79C /* Debug */ = {
			isa = XCBuildConfiguration;
			buildSettings = {
				BUNDLE_LOADER = "$(TEST_HOST)";
				GENERATE_INFOPLIST_FILE = YES;
				LD_RUNPATH_SEARCH_PATHS = (
					"$(inherited)",
					"@executable_path/Frameworks",
					"@loader_path/Frameworks",
				);
				PRODUCT_BUNDLE_IDENTIFIER = com.example.EchoVaultTests;
				SDKROOT = iphoneos;
				TARGETED_DEVICE_FAMILY = "1,2";
				TEST_HOST = "$(BUILT_PRODUCTS_DIR)/EchoVault.app/EchoVault";
			};
			name = Debug;
		};
/* End XCBuildConfiguration section */

/* Begin XCConfigurationList section */
		866FCEF7C5124188817544AA /* Build configuration list for PBXProject "EchoVault" */ = {
			isa = XCConfigurationList;
			buildConfigurations = (
				04BF6C083363B3FDBC48A60F /* Debug */,
				55B2480BACD8FF3357DC8E8B /* Release */,
			);
			defaultConfigurationIsVisible = 0;
			defaultConfigurationName = Debug;
		};
		C397351898B6AA1BBDE4612F /* Build configuration list for PBXNativeTarget "EchoVaultUITests" */ = {
			isa = XCConfigurationList;
			buildConfigurations = (
				B1ECFD8C36553E3718558A86 /* Debug */,
				6ABC3F960628C702FAA9AD79 /* Release */,
			);
			defaultConfigurationIsVisible = 0;
			defaultConfigurationName = Debug;
		};
		D2F5973C5BF38F81B8249687 /* Build configuration list for PBXNativeTarget "EchoVault" */ = {
			isa = XCConfigurationList;
			buildConfigurations = (
				14EE67675CB3FAF35B8D35C6 /* Debug */,
				7C5DE9878D990A1DF7876C71 /* Release */,
			);
			defaultConfigurationIsVisible = 0;
			defaultConfigurationName = Debug;
		};
		E9B3DC764015AC1F637A281F /* Build configuration list for PBXNativeTarget "EchoVaultTests" */ = {
			isa = XCConfigurationList;
			buildConfigurations = (
				DD993AABC4539F78F8BBF79C /* Debug */,
				2129A1B704D245F411BD66E9 /* Release */,
			);
			defaultConfigurationIsVisible = 0;
			defaultConfigurationName = Debug;
		};
/* End XCConfigurationList section */
	};
	rootObject = 4D43DF26C8F889ABBE14495B /* Project object */;
}
